
Microsoft Visual Studio Solution File, Format Version 12.00
# Visual Studio Version 16
VisualStudioVersion = 16.0.28803.452
MinimumVisualStudioVersion = 15.0.26124.0
Project("{2150E333-8FDC-42A3-9474-1A3956D46DE8}") = "src", "src", "{3DEE3522-3068-4237-984E-2BACA0938B83}"
EndProject
Project("{9A19103F-16F7-4668-BE54-9A1E7A4F7556}") = "PoetryDictionary.API", "src\PoetryDictionary.API\PoetryDictionary.API.csproj", "{0EF5399A-CCFA-4766-8A07-E1450DA57C47}"
EndProject
Project("{FAE04EC0-301F-11D3-BF4B-00C04F79EFBC}") = "PoetryDictionary.Database", "src\PoetryDictionary.Database\PoetryDictionary.Database.csproj", "{21195501-22D2-4021-ACBD-60693966BD62}"
EndProject
Project("{FAE04EC0-301F-11D3-BF4B-00C04F79EFBC}") = "PoetryDictionary.Repository", "src\PoetryDictionary.Repository\PoetryDictionary.Repository.csproj", "{28944F5F-B318-42A7-94AE-2B34B305DC8A}"
EndProject
Project("{FAE04EC0-301F-11D3-BF4B-00C04F79EFBC}") = "PoetryDictionary.Service", "src\PoetryDictionary.Service\PoetryDictionary.Service.csproj", "{6FF74FAF-A8C9-422B-ADE2-7B4E2654FBD7}"
EndProject
Global
	GlobalSection(SolutionConfigurationPlatforms) = preSolution
		Debug|Any CPU = Debug|Any CPU
		Release|Any CPU = Release|Any CPU
	EndGlobalSection
	GlobalSection(ProjectConfigurationPlatforms) = postSolution
		{0EF5399A-CCFA-4766-8A07-E1450DA57C47}.Debug|Any CPU.ActiveCfg = Debug|Any CPU
		{0EF5399A-CCFA-4766-8A07-E1450DA57C47}.Debug|Any CPU.Build.0 = Debug|Any CPU
		{0EF5399A-CCFA-4766-8A07-E1450DA57C47}.Release|Any CPU.ActiveCfg = Release|Any CPU
		{0EF5399A-CCFA-4766-8A07-E1450DA57C47}.Release|Any CPU.Build.0 = Release|Any CPU
		{21195501-22D2-4021-ACBD-60693966BD62}.Debug|Any CPU.ActiveCfg = Debug|Any CPU
		{21195501-22D2-4021-ACBD-60693966BD62}.Debug|Any CPU.Build.0 = Debug|Any CPU
		{21195501-22D2-4021-ACBD-60693966BD62}.Release|Any CPU.ActiveCfg = Release|Any CPU
		{21195501-22D2-4021-ACBD-60693966BD62}.Release|Any CPU.Build.0 = Release|Any CPU
		{28944F5F-B318-42A7-94AE-2B34B305DC8A}.Debug|Any CPU.ActiveCfg = Debug|Any CPU
		{28944F5F-B318-42A7-94AE-2B34B305DC8A}.Debug|Any CPU.Build.0 = Debug|Any CPU
		{28944F5F-B318-42A7-94AE-2B34B305DC8A}.Release|Any CPU.ActiveCfg = Release|Any CPU
		{28944F5F-B318-42A7-94AE-2B34B305DC8A}.Release|Any CPU.Build.0 = Release|Any CPU
		{6FF74FAF-A8C9-422B-ADE2-7B4E2654FBD7}.Debug|Any CPU.ActiveCfg = Debug|Any CPU
		{6FF74FAF-A8C9-422B-ADE2-7B4E2654FBD7}.Debug|Any CPU.Build.0 = Debug|Any CPU
		{6FF74FAF-A8C9-422B-ADE2-7B4E2654FBD7}.Release|Any CPU.ActiveCfg = Release|Any CPU
		{6FF74FAF-A8C9-422B-ADE2-7B4E2654FBD7}.Release|Any CPU.Build.0 = Release|Any CPU
	EndGlobalSection
	GlobalSection(SolutionProperties) = preSolution
		HideSolutionNode = FALSE
	EndGlobalSection
	GlobalSection(NestedProjects) = preSolution
		{0EF5399A-CCFA-4766-8A07-E1450DA57C47} = {3DEE3522-3068-4237-984E-2BACA0938B83}
		{21195501-22D2-4021-ACBD-60693966BD62} = {3DEE3522-3068-4237-984E-2BACA0938B83}
		{28944F5F-B318-42A7-94AE-2B34B305DC8A} = {3DEE3522-3068-4237-984E-2BACA0938B83}
		{6FF74FAF-A8C9-422B-ADE2-7B4E2654FBD7} = {3DEE3522-3068-4237-984E-2BACA0938B83}
	EndGlobalSection
	GlobalSection(ExtensibilityGlobals) = postSolution
		SolutionGuid = {7F8C6896-3F9C-45E0-BB6A-53636313341F}
	EndGlobalSection
EndGlobal
